
Microsoft Visual Studio Solution File, Format Version 12.00
# Visual Studio Version 17
VisualStudioVersion = 17.14.36414.22
MinimumVisualStudioVersion = 10.0.40219.1
Project("{FAE04EC0-301F-11D3-BF4B-00C04F79EFBC}") = "EasyYachiyoClient", "EasyYachiyoClient.csproj", "{4B7E3CD3-C44A-4305-AE9B-661F92A3419D}"
EndProject
Project("{8BC9CEB8-8B4A-11D0-8D11-00A0C91BC942}") = "D3D11RenderLib", "..\D3D11RenderLib\D3D11RenderLib.vcxproj", "{EC6149CD-FF9B-42D3-979F-B92A7195EFDB}"
EndProject
Global
	GlobalSection(SolutionConfigurationPlatforms) = preSolution
		Debug|Any CPU = Debug|Any CPU
		Debug|x64 = Debug|x64
		Debug|x86 = Debug|x86
		Release|Any CPU = Release|Any CPU
		Release|x64 = Release|x64
		Release|x86 = Release|x86
	EndGlobalSection
	GlobalSection(ProjectConfigurationPlatforms) = postSolution
		{4B7E3CD3-C44A-4305-AE9B-661F92A3419D}.Debug|Any CPU.ActiveCfg = Debug|Any CPU
		{4B7E3CD3-C44A-4305-AE9B-661F92A3419D}.Debug|Any CPU.Build.0 = Debug|Any CPU
		{4B7E3CD3-C44A-4305-AE9B-661F92A3419D}.Debug|x64.ActiveCfg = Debug|Any CPU
		{4B7E3CD3-C44A-4305-AE9B-661F92A3419D}.Debug|x64.Build.0 = Debug|Any CPU
		{4B7E3CD3-C44A-4305-AE9B-661F92A3419D}.Debug|x86.ActiveCfg = Debug|Any CPU
		{4B7E3CD3-C44A-4305-AE9B-661F92A3419D}.Debug|x86.Build.0 = Debug|Any CPU
		{4B7E3CD3-C44A-4305-AE9B-661F92A3419D}.Release|Any CPU.ActiveCfg = Release|Any CPU
		{4B7E3CD3-C44A-4305-AE9B-661F92A3419D}.Release|Any CPU.Build.0 = Release|Any CPU
		{4B7E3CD3-C44A-4305-AE9B-661F92A3419D}.Release|x64.ActiveCfg = Release|Any CPU
		{4B7E3CD3-C44A-4305-AE9B-661F92A3419D}.Release|x64.Build.0 = Release|Any CPU
		{4B7E3CD3-C44A-4305-AE9B-661F92A3419D}.Release|x86.ActiveCfg = Release|Any CPU
		{4B7E3CD3-C44A-4305-AE9B-661F92A3419D}.Release|x86.Build.0 = Release|Any CPU
		{EC6149CD-FF9B-42D3-979F-B92A7195EFDB}.Debug|Any CPU.ActiveCfg = Debug|x64
		{EC6149CD-FF9B-42D3-979F-B92A7195EFDB}.Debug|Any CPU.Build.0 = Debug|x64
		{EC6149CD-FF9B-42D3-979F-B92A7195EFDB}.Debug|x64.ActiveCfg = Debug|x64
		{EC6149CD-FF9B-42D3-979F-B92A7195EFDB}.Debug|x64.Build.0 = Debug|x64
		{EC6149CD-FF9B-42D3-979F-B92A7195EFDB}.Debug|x86.ActiveCfg = Debug|Win32
		{EC6149CD-FF9B-42D3-979F-B92A7195EFDB}.Debug|x86.Build.0 = Debug|Win32
		{EC6149CD-FF9B-42D3-979F-B92A7195EFDB}.Release|Any CPU.ActiveCfg = Release|x64
		{EC6149CD-FF9B-42D3-979F-B92A7195EFDB}.Release|Any CPU.Build.0 = Release|x64
		{EC6149CD-FF9B-42D3-979F-B92A7195EFDB}.Release|x64.ActiveCfg = Release|x64
		{EC6149CD-FF9B-42D3-979F-B92A7195EFDB}.Release|x64.Build.0 = Release|x64
		{EC6149CD-FF9B-42D3-979F-B92A7195EFDB}.Release|x86.ActiveCfg = Release|Win32
		{EC6149CD-FF9B-42D3-979F-B92A7195EFDB}.Release|x86.Build.0 = Release|Win32
	EndGlobalSection
	GlobalSection(SolutionProperties) = preSolution
		HideSolutionNode = FALSE
	EndGlobalSection
	GlobalSection(ExtensibilityGlobals) = postSolution
		SolutionGuid = {24654D1F-133F-4569-AE4D-B514B957B828}
	EndGlobalSection
EndGlobal
